
Microsoft Visual Studio Solution File, Format Version 12.00
# Visual Studio Version 17
VisualStudioVersion = 17.6.33801.468
MinimumVisualStudioVersion = 10.0.40219.1
Project("{FAE04EC0-301F-11D3-BF4B-00C04F79EFBC}") = "tip2tail-teaams-quickdial", "tip2tail-teaams-quickdial\tip2tail-teaams-quickdial.csproj", "{C42CF11B-8A8D-4E54-80B3-6248B4C6F8A8}"
EndProject
Global
	GlobalSection(SolutionConfigurationPlatforms) = preSolution
		Debug|Any CPU = Debug|Any CPU
		Release|Any CPU = Release|Any CPU
	EndGlobalSection
	GlobalSection(ProjectConfigurationPlatforms) = postSolution
		{C42CF11B-8A8D-4E54-80B3-6248B4C6F8A8}.Debug|Any CPU.ActiveCfg = Debug|Any CPU
		{C42CF11B-8A8D-4E54-80B3-6248B4C6F8A8}.Debug|Any CPU.Build.0 = Debug|Any CPU
		{C42CF11B-8A8D-4E54-80B3-6248B4C6F8A8}.Release|Any CPU.ActiveCfg = Release|Any CPU
		{C42CF11B-8A8D-4E54-80B3-6248B4C6F8A8}.Release|Any CPU.Build.0 = Release|Any CPU
	EndGlobalSection
	GlobalSection(SolutionProperties) = preSolution
		HideSolutionNode = FALSE
	EndGlobalSection
	GlobalSection(ExtensibilityGlobals) = postSolution
		SolutionGuid = {8BDF29CB-DE85-4C6D-BE8F-7EC468744B89}
	EndGlobalSection
EndGlobal
